
Microsoft Visual Studio Solution File, Format Version 12.00
Project("{FAE04EC0-301F-11D3-BF4B-00C04F79EFBC}") = "Builder", "Builder\Builder.csproj", "{0260BEC7-1BED-413A-B96E-4D0E8B1FAAFF}"
EndProject
Project("{FAE04EC0-301F-11D3-BF4B-00C04F79EFBC}") = "Factories", "Factories\Factories.csproj", "{CD7A6204-F5C9-4477-8C45-9E84479CA81A}"
EndProject
Project("{FAE04EC0-301F-11D3-BF4B-00C04F79EFBC}") = "Prototype", "Prototype\Prototype.csproj", "{07CC5995-ADD1-41DC-94F0-2D05B5F717F0}"
EndProject
Project("{FAE04EC0-301F-11D3-BF4B-00C04F79EFBC}") = "Singleton", "Singleton\Singleton.csproj", "{0578E07D-C8D2-4209-B3EC-4AD479C43CD9}"
EndProject
Project("{FAE04EC0-301F-11D3-BF4B-00C04F79EFBC}") = "Adapter", "Adapter\Adapter.csproj", "{1C616EED-5A39-48B0-8C7A-CBF565F96C1D}"
EndProject
Project("{FAE04EC0-301F-11D3-BF4B-00C04F79EFBC}") = "Bridge", "Bridge\Bridge.csproj", "{0A52AD80-5460-4659-B819-042EA96C9C6C}"
EndProject
Project("{FAE04EC0-301F-11D3-BF4B-00C04F79EFBC}") = "Composite", "Composite\Composite.csproj", "{C65A713E-7296-4912-845C-DE1734A2E92D}"
EndProject
Project("{FAE04EC0-301F-11D3-BF4B-00C04F79EFBC}") = "Decorator", "Decorator\Decorator.csproj", "{43D1706F-20A5-49F9-8205-3DBF4A6E4229}"
EndProject
Project("{FAE04EC0-301F-11D3-BF4B-00C04F79EFBC}") = "Facade", "Facade\Facade.csproj", "{7FCBE689-3D3C-4EA1-B86C-A362562D5DD8}"
EndProject
Project("{FAE04EC0-301F-11D3-BF4B-00C04F79EFBC}") = "Flyweight", "Flyweight\Flyweight.csproj", "{3D102599-CCD4-4561-8B89-FAC89E8FC74D}"
EndProject
Project("{FAE04EC0-301F-11D3-BF4B-00C04F79EFBC}") = "Proxy", "Proxy\Proxy.csproj", "{53DDBB1B-4613-45CF-A161-34E0D19BCBD7}"
EndProject
Project("{FAE04EC0-301F-11D3-BF4B-00C04F79EFBC}") = "ChainOfResponsibility", "ChainOfResponsibility\ChainOfResponsibility.csproj", "{1696BEDD-84AA-4B62-8C05-4F11EC82702D}"
EndProject
Project("{FAE04EC0-301F-11D3-BF4B-00C04F79EFBC}") = "Command", "Command\Command.csproj", "{46CE7E63-AA6B-4577-8F99-E9B9295D8660}"
EndProject
Project("{FAE04EC0-301F-11D3-BF4B-00C04F79EFBC}") = "Interpreter", "Interpreter\Interpreter.csproj", "{651B65C5-4744-4576-9A9B-5D66443E4E53}"
EndProject
Project("{FAE04EC0-301F-11D3-BF4B-00C04F79EFBC}") = "Iterator", "Iterator\Iterator.csproj", "{CD7DE10E-6A62-4698-858B-ADD4C19C3AD8}"
EndProject
Project("{FAE04EC0-301F-11D3-BF4B-00C04F79EFBC}") = "Mediator", "Mediator\Mediator.csproj", "{4F8C3DAC-BE2D-4E71-8D74-058D1DD24164}"
EndProject
Project("{FAE04EC0-301F-11D3-BF4B-00C04F79EFBC}") = "Memento", "Memento\Memento.csproj", "{7F1B13EF-1086-44AA-BEA6-4765DCFF4345}"
EndProject
Project("{FAE04EC0-301F-11D3-BF4B-00C04F79EFBC}") = "NullObject", "NullObject\NullObject.csproj", "{35675976-DEA8-42AA-9D60-C78CC4D31743}"
EndProject
Global
	GlobalSection(SolutionConfigurationPlatforms) = preSolution
		Debug|Any CPU = Debug|Any CPU
		Release|Any CPU = Release|Any CPU
	EndGlobalSection
	GlobalSection(ProjectConfigurationPlatforms) = postSolution
		{0260BEC7-1BED-413A-B96E-4D0E8B1FAAFF}.Debug|Any CPU.ActiveCfg = Debug|Any CPU
		{0260BEC7-1BED-413A-B96E-4D0E8B1FAAFF}.Debug|Any CPU.Build.0 = Debug|Any CPU
		{0260BEC7-1BED-413A-B96E-4D0E8B1FAAFF}.Release|Any CPU.ActiveCfg = Release|Any CPU
		{0260BEC7-1BED-413A-B96E-4D0E8B1FAAFF}.Release|Any CPU.Build.0 = Release|Any CPU
		{CD7A6204-F5C9-4477-8C45-9E84479CA81A}.Debug|Any CPU.ActiveCfg = Debug|Any CPU
		{CD7A6204-F5C9-4477-8C45-9E84479CA81A}.Debug|Any CPU.Build.0 = Debug|Any CPU
		{CD7A6204-F5C9-4477-8C45-9E84479CA81A}.Release|Any CPU.ActiveCfg = Release|Any CPU
		{CD7A6204-F5C9-4477-8C45-9E84479CA81A}.Release|Any CPU.Build.0 = Release|Any CPU
		{07CC5995-ADD1-41DC-94F0-2D05B5F717F0}.Debug|Any CPU.ActiveCfg = Debug|Any CPU
		{07CC5995-ADD1-41DC-94F0-2D05B5F717F0}.Debug|Any CPU.Build.0 = Debug|Any CPU
		{07CC5995-ADD1-41DC-94F0-2D05B5F717F0}.Release|Any CPU.ActiveCfg = Release|Any CPU
		{07CC5995-ADD1-41DC-94F0-2D05B5F717F0}.Release|Any CPU.Build.0 = Release|Any CPU
		{0578E07D-C8D2-4209-B3EC-4AD479C43CD9}.Debug|Any CPU.ActiveCfg = Debug|Any CPU
		{0578E07D-C8D2-4209-B3EC-4AD479C43CD9}.Debug|Any CPU.Build.0 = Debug|Any CPU
		{0578E07D-C8D2-4209-B3EC-4AD479C43CD9}.Release|Any CPU.ActiveCfg = Release|Any CPU
		{0578E07D-C8D2-4209-B3EC-4AD479C43CD9}.Release|Any CPU.Build.0 = Release|Any CPU
		{1C616EED-5A39-48B0-8C7A-CBF565F96C1D}.Debug|Any CPU.ActiveCfg = Debug|Any CPU
		{1C616EED-5A39-48B0-8C7A-CBF565F96C1D}.Debug|Any CPU.Build.0 = Debug|Any CPU
		{1C616EED-5A39-48B0-8C7A-CBF565F96C1D}.Release|Any CPU.ActiveCfg = Release|Any CPU
		{1C616EED-5A39-48B0-8C7A-CBF565F96C1D}.Release|Any CPU.Build.0 = Release|Any CPU
		{0A52AD80-5460-4659-B819-042EA96C9C6C}.Debug|Any CPU.ActiveCfg = Debug|Any CPU
		{0A52AD80-5460-4659-B819-042EA96C9C6C}.Debug|Any CPU.Build.0 = Debug|Any CPU
		{0A52AD80-5460-4659-B819-042EA96C9C6C}.Release|Any CPU.ActiveCfg = Release|Any CPU
		{0A52AD80-5460-4659-B819-042EA96C9C6C}.Release|Any CPU.Build.0 = Release|Any CPU
		{C65A713E-7296-4912-845C-DE1734A2E92D}.Debug|Any CPU.ActiveCfg = Debug|Any CPU
		{C65A713E-7296-4912-845C-DE1734A2E92D}.Debug|Any CPU.Build.0 = Debug|Any CPU
		{C65A713E-7296-4912-845C-DE1734A2E92D}.Release|Any CPU.ActiveCfg = Release|Any CPU
		{C65A713E-7296-4912-845C-DE1734A2E92D}.Release|Any CPU.Build.0 = Release|Any CPU
		{43D1706F-20A5-49F9-8205-3DBF4A6E4229}.Debug|Any CPU.ActiveCfg = Debug|Any CPU
		{43D1706F-20A5-49F9-8205-3DBF4A6E4229}.Debug|Any CPU.Build.0 = Debug|Any CPU
		{43D1706F-20A5-49F9-8205-3DBF4A6E4229}.Release|Any CPU.ActiveCfg = Release|Any CPU
		{43D1706F-20A5-49F9-8205-3DBF4A6E4229}.Release|Any CPU.Build.0 = Release|Any CPU
		{7FCBE689-3D3C-4EA1-B86C-A362562D5DD8}.Debug|Any CPU.ActiveCfg = Debug|Any CPU
		{7FCBE689-3D3C-4EA1-B86C-A362562D5DD8}.Debug|Any CPU.Build.0 = Debug|Any CPU
		{7FCBE689-3D3C-4EA1-B86C-A362562D5DD8}.Release|Any CPU.ActiveCfg = Release|Any CPU
		{7FCBE689-3D3C-4EA1-B86C-A362562D5DD8}.Release|Any CPU.Build.0 = Release|Any CPU
		{3D102599-CCD4-4561-8B89-FAC89E8FC74D}.Debug|Any CPU.ActiveCfg = Debug|Any CPU
		{3D102599-CCD4-4561-8B89-FAC89E8FC74D}.Debug|Any CPU.Build.0 = Debug|Any CPU
		{3D102599-CCD4-4561-8B89-FAC89E8FC74D}.Release|Any CPU.ActiveCfg = Release|Any CPU
		{3D102599-CCD4-4561-8B89-FAC89E8FC74D}.Release|Any CPU.Build.0 = Release|Any CPU
		{53DDBB1B-4613-45CF-A161-34E0D19BCBD7}.Debug|Any CPU.ActiveCfg = Debug|Any CPU
		{53DDBB1B-4613-45CF-A161-34E0D19BCBD7}.Debug|Any CPU.Build.0 = Debug|Any CPU
		{53DDBB1B-4613-45CF-A161-34E0D19BCBD7}.Release|Any CPU.ActiveCfg = Release|Any CPU
		{53DDBB1B-4613-45CF-A161-34E0D19BCBD7}.Release|Any CPU.Build.0 = Release|Any CPU
		{1696BEDD-84AA-4B62-8C05-4F11EC82702D}.Debug|Any CPU.ActiveCfg = Debug|Any CPU
		{1696BEDD-84AA-4B62-8C05-4F11EC82702D}.Debug|Any CPU.Build.0 = Debug|Any CPU
		{1696BEDD-84AA-4B62-8C05-4F11EC82702D}.Release|Any CPU.ActiveCfg = Release|Any CPU
		{1696BEDD-84AA-4B62-8C05-4F11EC82702D}.Release|Any CPU.Build.0 = Release|Any CPU
		{46CE7E63-AA6B-4577-8F99-E9B9295D8660}.Debug|Any CPU.ActiveCfg = Debug|Any CPU
		{46CE7E63-AA6B-4577-8F99-E9B9295D8660}.Debug|Any CPU.Build.0 = Debug|Any CPU
		{46CE7E63-AA6B-4577-8F99-E9B9295D8660}.Release|Any CPU.ActiveCfg = Release|Any CPU
		{46CE7E63-AA6B-4577-8F99-E9B9295D8660}.Release|Any CPU.Build.0 = Release|Any CPU
		{651B65C5-4744-4576-9A9B-5D66443E4E53}.Debug|Any CPU.ActiveCfg = Debug|Any CPU
		{651B65C5-4744-4576-9A9B-5D66443E4E53}.Debug|Any CPU.Build.0 = Debug|Any CPU
		{651B65C5-4744-4576-9A9B-5D66443E4E53}.Release|Any CPU.ActiveCfg = Release|Any CPU
		{651B65C5-4744-4576-9A9B-5D66443E4E53}.Release|Any CPU.Build.0 = Release|Any CPU
		{CD7DE10E-6A62-4698-858B-ADD4C19C3AD8}.Debug|Any CPU.ActiveCfg = Debug|Any CPU
		{CD7DE10E-6A62-4698-858B-ADD4C19C3AD8}.Debug|Any CPU.Build.0 = Debug|Any CPU
		{CD7DE10E-6A62-4698-858B-ADD4C19C3AD8}.Release|Any CPU.ActiveCfg = Release|Any CPU
		{CD7DE10E-6A62-4698-858B-ADD4C19C3AD8}.Release|Any CPU.Build.0 = Release|Any CPU
		{4F8C3DAC-BE2D-4E71-8D74-058D1DD24164}.Debug|Any CPU.ActiveCfg = Debug|Any CPU
		{4F8C3DAC-BE2D-4E71-8D74-058D1DD24164}.Debug|Any CPU.Build.0 = Debug|Any CPU
		{4F8C3DAC-BE2D-4E71-8D74-058D1DD24164}.Release|Any CPU.ActiveCfg = Release|Any CPU
		{4F8C3DAC-BE2D-4E71-8D74-058D1DD24164}.Release|Any CPU.Build.0 = Release|Any CPU
		{7F1B13EF-1086-44AA-BEA6-4765DCFF4345}.Debug|Any CPU.ActiveCfg = Debug|Any CPU
		{7F1B13EF-1086-44AA-BEA6-4765DCFF4345}.Debug|Any CPU.Build.0 = Debug|Any CPU
		{7F1B13EF-1086-44AA-BEA6-4765DCFF4345}.Release|Any CPU.ActiveCfg = Release|Any CPU
		{7F1B13EF-1086-44AA-BEA6-4765DCFF4345}.Release|Any CPU.Build.0 = Release|Any CPU
		{35675976-DEA8-42AA-9D60-C78CC4D31743}.Debug|Any CPU.ActiveCfg = Debug|Any CPU
		{35675976-DEA8-42AA-9D60-C78CC4D31743}.Debug|Any CPU.Build.0 = Debug|Any CPU
		{35675976-DEA8-42AA-9D60-C78CC4D31743}.Release|Any CPU.ActiveCfg = Release|Any CPU
		{35675976-DEA8-42AA-9D60-C78CC4D31743}.Release|Any CPU.Build.0 = Release|Any CPU
	EndGlobalSection
EndGlobal
