
Microsoft Visual Studio Solution File, Format Version 12.00
Project("{FAE04EC0-301F-11D3-BF4B-00C04F79EFBC}") = "Builder", "Builder\Builder.csproj", "{0260BEC7-1BED-413A-B96E-4D0E8B1FAAFF}"
EndProject
Project("{FAE04EC0-301F-11D3-BF4B-00C04F79EFBC}") = "Factories", "Factories\Factories.csproj", "{CD7A6204-F5C9-4477-8C45-9E84479CA81A}"
EndProject
Global
	GlobalSection(SolutionConfigurationPlatforms) = preSolution
		Debug|Any CPU = Debug|Any CPU
		Release|Any CPU = Release|Any CPU
	EndGlobalSection
	GlobalSection(ProjectConfigurationPlatforms) = postSolution
		{0260BEC7-1BED-413A-B96E-4D0E8B1FAAFF}.Debug|Any CPU.ActiveCfg = Debug|Any CPU
		{0260BEC7-1BED-413A-B96E-4D0E8B1FAAFF}.Debug|Any CPU.Build.0 = Debug|Any CPU
		{0260BEC7-1BED-413A-B96E-4D0E8B1FAAFF}.Release|Any CPU.ActiveCfg = Release|Any CPU
		{0260BEC7-1BED-413A-B96E-4D0E8B1FAAFF}.Release|Any CPU.Build.0 = Release|Any CPU
		{CD7A6204-F5C9-4477-8C45-9E84479CA81A}.Debug|Any CPU.ActiveCfg = Debug|Any CPU
		{CD7A6204-F5C9-4477-8C45-9E84479CA81A}.Debug|Any CPU.Build.0 = Debug|Any CPU
		{CD7A6204-F5C9-4477-8C45-9E84479CA81A}.Release|Any CPU.ActiveCfg = Release|Any CPU
		{CD7A6204-F5C9-4477-8C45-9E84479CA81A}.Release|Any CPU.Build.0 = Release|Any CPU
	EndGlobalSection
EndGlobal
